PODS:
  - Kiwi (2.3.1)
  - MagicalRecord (2.2):
    - MagicalRecord/Core (= 2.2)
  - MagicalRecord/Core (2.2)
  - TableViewAgent (2.0.0)

DEPENDENCIES:
  - Kiwi
  - MagicalRecord
  - TableViewAgent (from `./`)

EXTERNAL SOURCES:
  TableViewAgent:
    :path: "./"

SPEC CHECKSUMS:
  Kiwi: f038a6c61f7a9e4d7766bff5717aa3b3fdb75f55
  MagicalRecord: f8a56bb87ab6552f20c4bb8681a1958a197ea3cd
  TableViewAgent: c4c686a198f216591db7333b1cfab82fdc0e73fe

COCOAPODS: 0.36.3
