PODS:
  - AKUStoryboardEntry (1.0.0)
  - Kiwi/ARC (2.2.3)
  - Kiwi/NonARC (2.2.3)
  - Kiwi/XCTest (2.2.3):
    - Kiwi/ARC
    - Kiwi/NonARC
  - MagicalRecord (2.2):
    - MagicalRecord/Core
  - MagicalRecord/Core (2.2)

DEPENDENCIES:
  - AKUStoryboardEntry
  - Kiwi/XCTest
  - MagicalRecord

SPEC CHECKSUMS:
  AKUStoryboardEntry: aef4dd302982c567fad55c7ae5d28b672925ab53
  Kiwi: 7b9bc7294de746357213067a1df49cc0a59384e8
  MagicalRecord: 2b471584fc9e3137f3d0a56967917baa4979e224

COCOAPODS: 0.33.1
