PODS:
  - Kiwi (2.3.1)
  - MagicalRecord (2.2):
    - MagicalRecord/Core (= 2.2)
  - MagicalRecord/Core (2.2)
  - TableViewAgent (0.3.3)

DEPENDENCIES:
  - Kiwi
  - MagicalRecord
  - TableViewAgent (from `./`)

EXTERNAL SOURCES:
  TableViewAgent:
    :path: ./

SPEC CHECKSUMS:
  Kiwi: 73e1400209055ee9c8ba78c6012b6b642d0fb9f7
  MagicalRecord: 2b471584fc9e3137f3d0a56967917baa4979e224
  TableViewAgent: a5cf453226604a22092b7c3be7e3c81de2ae0b8d

COCOAPODS: 0.35.0
